
Microsoft Visual Studio Solution File, Format Version 12.00
# Visual Studio Version 17
VisualStudioVersion = 17.1.32228.430
MinimumVisualStudioVersion = 10.0.40219.1
Project("{FAE04EC0-301F-11D3-BF4B-00C04F79EFBC}") = "SchoolDB-Assignment-EwertonXavier-w2022", "SchoolDB-Assignment-EwertonXavier-w2022\SchoolDB-Assignment-EwertonXavier-w2022.csproj", "{C00CCA4A-46DD-40D8-B4CE-55770FA8A628}"
EndProject
Global
	GlobalSection(SolutionConfigurationPlatforms) = preSolution
		Debug|Any CPU = Debug|Any CPU
		Release|Any CPU = Release|Any CPU
	EndGlobalSection
	GlobalSection(ProjectConfigurationPlatforms) = postSolution
		{C00CCA4A-46DD-40D8-B4CE-55770FA8A628}.Debug|Any CPU.ActiveCfg = Debug|Any CPU
		{C00CCA4A-46DD-40D8-B4CE-55770FA8A628}.Debug|Any CPU.Build.0 = Debug|Any CPU
		{C00CCA4A-46DD-40D8-B4CE-55770FA8A628}.Release|Any CPU.ActiveCfg = Release|Any CPU
		{C00CCA4A-46DD-40D8-B4CE-55770FA8A628}.Release|Any CPU.Build.0 = Release|Any CPU
	EndGlobalSection
	GlobalSection(SolutionProperties) = preSolution
		HideSolutionNode = FALSE
	EndGlobalSection
	GlobalSection(ExtensibilityGlobals) = postSolution
		SolutionGuid = {7226CFA7-60A2-4C11-9379-CA4CE9073BE0}
	EndGlobalSection
EndGlobal
